{
  "name": "dota2-minimap-hero-sprites",
  "version": "2.3.0",
  "lockfileVersion": 1,
  "requires": true,
  "dependencies": {
    "handlebars": {
      "version": "4.7.7",
      "resolved": "https://registry.npmjs.org/handlebars/-/handlebars-4.7.7.tgz",
      "integrity": "sha512-aAcXm5OAfE/8IXkcZvCepKU3VzW1/39Fb5ZuqMtgI/hT8X2YgoMvBY5dLhq/cpOvw7Lk1nK/UF71aLG/ZnVYRA==",
      "dev": true,
      "requires": {
        "minimist": "^1.2.5",
        "neo-async": "^2.6.0",
        "source-map": "^0.6.1",
        "uglify-js": "^3.1.4",
        "wordwrap": "^1.0.0"
      }
    },
    "inherits": {
      "version": "2.0.3",
      "resolved": "https://registry.npmjs.org/inherits/-/inherits-2.0.3.tgz",
      "integrity": "sha1-Yzwsg+PaQqUC9SRmAiSA9CCCYd4=",
      "dev": true
    },
    "lodash.snakecase": {
      "version": "4.1.1",
      "resolved": "https://registry.npmjs.org/lodash.snakecase/-/lodash.snakecase-4.1.1.tgz",
      "integrity": "sha1-OdcUo1NXFHg3rv1ktdy7Fr7Nj40=",
      "dev": true
    },
    "minimist": {
      "version": "1.2.5",
      "resolved": "https://registry.npmjs.org/minimist/-/minimist-1.2.5.tgz",
      "integrity": "sha512-FM9nNUYrRBAELZQT3xeZQ7fmMOBg6nWNmJKTcgsJeaLstP/UODVpGsr5OhXhhXg6f+qtJ8uiZ+PUxkDWcgIXLw==",
      "dev": true
    },
    "neo-async": {
      "version": "2.6.2",
      "resolved": "https://registry.npmjs.org/neo-async/-/neo-async-2.6.2.tgz",
      "integrity": "sha512-Yd3UES5mWCSqR+qNT93S3UoYUkqAZ9lLg8a7g9rimsWmYGK8cVToA4/sF3RrshdyV3sAGMXVUmpMYOw+dLpOuw==",
      "dev": true
    },
    "source-map": {
      "version": "0.6.1",
      "resolved": "https://registry.npmjs.org/source-map/-/source-map-0.6.1.tgz",
      "integrity": "sha512-UjgapumWlbMhkBgzT7Ykc5YXUT46F0iKu8SGXq0bcwP5dz/h0Plj6enJqjz1Zbq2l5WaqYnrVbwWOWMyF3F47g==",
      "dev": true
    },
    "uglify-js": {
      "version": "3.13.4",
      "resolved": "https://registry.npmjs.org/uglify-js/-/uglify-js-3.13.4.tgz",
      "integrity": "sha512-kv7fCkIXyQIilD5/yQy8O+uagsYIOt5cZvs890W40/e/rvjMSzJw81o9Bg0tkURxzZBROtDQhW2LFjOGoK3RZw==",
      "dev": true,
      "optional": true
    },
    "util": {
      "version": "0.11.0",
      "resolved": "https://registry.npmjs.org/util/-/util-0.11.0.tgz",
      "integrity": "sha512-5n12uMzKCjvB2HPFHnbQSjaqAa98L5iIXmHrZCLavuZVe0qe/SJGbDGWlpaHk5lnBkWRDO+dRu1/PgmUYKPPTw==",
      "dev": true,
      "requires": {
        "inherits": "2.0.3"
      }
    },
    "vdf": {
      "version": "0.0.2",
      "resolved": "https://registry.npmjs.org/vdf/-/vdf-0.0.2.tgz",
      "integrity": "sha1-ve6nvN3sf6/IzcWMMq6ExyXCfhQ=",
      "dev": true,
      "requires": {
        "util": "*"
      }
    },
    "wordwrap": {
      "version": "1.0.0",
      "resolved": "https://registry.npmjs.org/wordwrap/-/wordwrap-1.0.0.tgz",
      "integrity": "sha1-J1hIEIkUVqQXHI0CJkQa3pDLyus=",
      "dev": true
    }
  }
}
